
Microsoft Visual Studio Solution File, Format Version 12.00
# Visual Studio Version 16
VisualStudioVersion = 16.0.31613.86
MinimumVisualStudioVersion = 10.0.40219.1
Project("{2150E333-8FDC-42A3-9474-1A3956D46DE8}") = "Application", "Application", "{24B0BFB3-1DFC-493A-8368-005C99FE7ECD}"
EndProject
Project("{2150E333-8FDC-42A3-9474-1A3956D46DE8}") = "Domain", "Domain", "{E82C6BA7-7FF6-46A0-B3AC-DD2C71E79662}"
EndProject
Project("{2150E333-8FDC-42A3-9474-1A3956D46DE8}") = "Infra.Data", "Infra.Data", "{5F19E7A0-5FFF-40E2-84E4-6BEE71D4AF0F}"
EndProject
Project("{2150E333-8FDC-42A3-9474-1A3956D46DE8}") = "Infra.Ioc", "Infra.Ioc", "{711866CB-3DA6-4DBE-BCB6-86FABDB748FD}"
EndProject
Project("{2150E333-8FDC-42A3-9474-1A3956D46DE8}") = "Presentation", "Presentation", "{5F394871-6051-41AB-A0CA-8988224A6537}"
EndProject
Project("{FAE04EC0-301F-11D3-BF4B-00C04F79EFBC}") = "CleanArch.Mvc", "CleanArch.Mvc\CleanArch.Mvc.csproj", "{9B904071-A890-4DB0-8E4E-7FFE35702A5B}"
EndProject
Project("{FAE04EC0-301F-11D3-BF4B-00C04F79EFBC}") = "CleanArch.Domain", "CleanArch.Domain\CleanArch.Domain.csproj", "{5A46125D-3010-44C1-B4A2-99DB35B4E491}"
EndProject
Global
	GlobalSection(SolutionConfigurationPlatforms) = preSolution
		Debug|Any CPU = Debug|Any CPU
		Release|Any CPU = Release|Any CPU
	EndGlobalSection
	GlobalSection(ProjectConfigurationPlatforms) = postSolution
		{9B904071-A890-4DB0-8E4E-7FFE35702A5B}.Debug|Any CPU.ActiveCfg = Debug|Any CPU
		{9B904071-A890-4DB0-8E4E-7FFE35702A5B}.Debug|Any CPU.Build.0 = Debug|Any CPU
		{9B904071-A890-4DB0-8E4E-7FFE35702A5B}.Release|Any CPU.ActiveCfg = Release|Any CPU
		{9B904071-A890-4DB0-8E4E-7FFE35702A5B}.Release|Any CPU.Build.0 = Release|Any CPU
		{5A46125D-3010-44C1-B4A2-99DB35B4E491}.Debug|Any CPU.ActiveCfg = Debug|Any CPU
		{5A46125D-3010-44C1-B4A2-99DB35B4E491}.Debug|Any CPU.Build.0 = Debug|Any CPU
		{5A46125D-3010-44C1-B4A2-99DB35B4E491}.Release|Any CPU.ActiveCfg = Release|Any CPU
		{5A46125D-3010-44C1-B4A2-99DB35B4E491}.Release|Any CPU.Build.0 = Release|Any CPU
	EndGlobalSection
	GlobalSection(SolutionProperties) = preSolution
		HideSolutionNode = FALSE
	EndGlobalSection
	GlobalSection(NestedProjects) = preSolution
		{9B904071-A890-4DB0-8E4E-7FFE35702A5B} = {5F394871-6051-41AB-A0CA-8988224A6537}
		{5A46125D-3010-44C1-B4A2-99DB35B4E491} = {E82C6BA7-7FF6-46A0-B3AC-DD2C71E79662}
	EndGlobalSection
	GlobalSection(ExtensibilityGlobals) = postSolution
		SolutionGuid = {BC6FF942-85CE-48FA-811A-4EDD4512E679}
	EndGlobalSection
EndGlobal
